
Microsoft Visual Studio Solution File, Format Version 12.00
# Visual Studio Version 17
VisualStudioVersion = 17.4.33122.133
MinimumVisualStudioVersion = 10.0.40219.1
Project("{8BC9CEB8-8B4A-11D0-8D11-00A0C91BC942}") = "TicTacToe", "TicTacToe\TicTacToe.vcxproj", "{25A9A1DF-9DB4-493F-8977-72B9E9B65F68}"
EndProject
Global
	GlobalSection(SolutionConfigurationPlatforms) = preSolution
		Debug|x64 = Debug|x64
		Debug|x86 = Debug|x86
		Release|x64 = Release|x64
		Release|x86 = Release|x86
	EndGlobalSection
	GlobalSection(ProjectConfigurationPlatforms) = postSolution
		{25A9A1DF-9DB4-493F-8977-72B9E9B65F68}.Debug|x64.ActiveCfg = Debug|x64
		{25A9A1DF-9DB4-493F-8977-72B9E9B65F68}.Debug|x64.Build.0 = Debug|x64
		{25A9A1DF-9DB4-493F-8977-72B9E9B65F68}.Debug|x86.ActiveCfg = Debug|Win32
		{25A9A1DF-9DB4-493F-8977-72B9E9B65F68}.Debug|x86.Build.0 = Debug|Win32
		{25A9A1DF-9DB4-493F-8977-72B9E9B65F68}.Release|x64.ActiveCfg = Release|x64
		{25A9A1DF-9DB4-493F-8977-72B9E9B65F68}.Release|x64.Build.0 = Release|x64
		{25A9A1DF-9DB4-493F-8977-72B9E9B65F68}.Release|x86.ActiveCfg = Release|Win32
		{25A9A1DF-9DB4-493F-8977-72B9E9B65F68}.Release|x86.Build.0 = Release|Win32
	EndGlobalSection
	GlobalSection(SolutionProperties) = preSolution
		HideSolutionNode = FALSE
	EndGlobalSection
	GlobalSection(ExtensibilityGlobals) = postSolution
		SolutionGuid = {BBCD9AA3-9733-4224-909F-6BBFE34D5D99}
	EndGlobalSection
EndGlobal
